// !$*UTF8*$!
{
	archiveVersion = 1;
	classes = {
	};
	objectVersion = 51;
	objects = {

/* Begin PBXBuildFile section */
		80632569244CAF263BCF1A2D /* Pods_BeTeacher.framework in Frameworks */ = {isa = PBXBuildFile; fileRef = 7AC21DA15FDCEE3D422189E5 /* Pods_BeTeacher.framework */; };
		FA39644E26A70F92003D2E46 /* BeTeacherApp.swift in Sources */ = {isa = PBXBuildFile; fileRef = FA39644D26A70F92003D2E46 /* BeTeacherApp.swift */; };
		FA39645226A70F93003D2E46 /* Assets.xcassets in Resources */ = {isa = PBXBuildFile; fileRef = FA39645126A70F93003D2E46 /* Assets.xcassets */; };
		FA39645526A70F93003D2E46 /* Preview Assets.xcassets in Resources */ = {isa = PBXBuildFile; fileRef = FA39645426A70F93003D2E46 /* Preview Assets.xcassets */; };
		FA795E0126A7166A002C99C7 /* GoogleService-Info.plist in Resources */ = {isa = PBXBuildFile; fileRef = FA795E0026A7166A002C99C7 /* GoogleService-Info.plist */; };
		FA795E2126A7341C002C99C7 /* Lesson.swift in Sources */ = {isa = PBXBuildFile; fileRef = FA795E2026A7341C002C99C7 /* Lesson.swift */; };
		FA795E2326A73436002C99C7 /* LessonListViewModel.swift in Sources */ = {isa = PBXBuildFile; fileRef = FA795E2226A73436002C99C7 /* LessonListViewModel.swift */; };
		FA795E2526A73450002C99C7 /* LessonViewModel.swift in Sources */ = {isa = PBXBuildFile; fileRef = FA795E2426A73450002C99C7 /* LessonViewModel.swift */; };
		FA795E2726A73465002C99C7 /* LessonRepository.swift in Sources */ = {isa = PBXBuildFile; fileRef = FA795E2626A73465002C99C7 /* LessonRepository.swift */; };
		FA795E2926A7348D002C99C7 /* LessonListView.swift in Sources */ = {isa = PBXBuildFile; fileRef = FA795E2826A7348D002C99C7 /* LessonListView.swift */; };
		FA795E2B26A73499002C99C7 /* LessonView.swift in Sources */ = {isa = PBXBuildFile; fileRef = FA795E2A26A73499002C99C7 /* LessonView.swift */; };
/* End PBXBuildFile section */

/* Begin PBXFileReference section */
		2FC75EAE903AD7B81AC4227F /* Pods-BeTeacher.release.xcconfig */ = {isa = PBXFileReference; includeInIndex = 1; lastKnownFileType = text.xcconfig; name = "Pods-BeTeacher.release.xcconfig"; path = "Target Support Files/Pods-BeTeacher/Pods-BeTeacher.release.xcconfig"; sourceTree = "<group>"; };
		7AC21DA15FDCEE3D422189E5 /* Pods_BeTeacher.framework */ = {isa = PBXFileReference; explicitFileType = wrapper.framework; includeInIndex = 0; path = Pods_BeTeacher.framework; sourceTree = BUILT_PRODUCTS_DIR; };
		EF68BFCB7AB9F26D7703278F /* Pods-BeTeacher.debug.xcconfig */ = {isa = PBXFileReference; includeInIndex = 1; lastKnownFileType = text.xcconfig; name = "Pods-BeTeacher.debug.xcconfig"; path = "Target Support Files/Pods-BeTeacher/Pods-BeTeacher.debug.xcconfig"; sourceTree = "<group>"; };
		FA39644A26A70F92003D2E46 /* BeTeacher.app */ = {isa = PBXFileReference; explicitFileType = wrapper.application; includeInIndex = 0; path = BeTeacher.app; sourceTree = BUILT_PRODUCTS_DIR; };
		FA39644D26A70F92003D2E46 /* BeTeacherApp.swift */ = {isa = PBXFileReference; lastKnownFileType = sourcecode.swift; path = BeTeacherApp.swift; sourceTree = "<group>"; };
		FA39645126A70F93003D2E46 /* Assets.xcassets */ = {isa = PBXFileReference; lastKnownFileType = folder.assetcatalog; path = Assets.xcassets; sourceTree = "<group>"; };
		FA39645426A70F93003D2E46 /* Preview Assets.xcassets */ = {isa = PBXFileReference; lastKnownFileType = folder.assetcatalog; path = "Preview Assets.xcassets"; sourceTree = "<group>"; };
		FA39645626A70F93003D2E46 /* Info.plist */ = {isa = PBXFileReference; lastKnownFileType = text.plist.xml; path = Info.plist; sourceTree = "<group>"; };
		FA795E0026A7166A002C99C7 /* GoogleService-Info.plist */ = {isa = PBXFileReference; fileEncoding = 4; lastKnownFileType = text.plist.xml; path = "GoogleService-Info.plist"; sourceTree = "<group>"; };
		FA795E2026A7341C002C99C7 /* Lesson.swift */ = {isa = PBXFileReference; lastKnownFileType = sourcecode.swift; path = Lesson.swift; sourceTree = "<group>"; };
		FA795E2226A73436002C99C7 /* LessonListViewModel.swift */ = {isa = PBXFileReference; lastKnownFileType = sourcecode.swift; path = LessonListViewModel.swift; sourceTree = "<group>"; };
		FA795E2426A73450002C99C7 /* LessonViewModel.swift */ = {isa = PBXFileReference; lastKnownFileType = sourcecode.swift; path = LessonViewModel.swift; sourceTree = "<group>"; };
		FA795E2626A73465002C99C7 /* LessonRepository.swift */ = {isa = PBXFileReference; lastKnownFileType = sourcecode.swift; path = LessonRepository.swift; sourceTree = "<group>"; };
		FA795E2826A7348D002C99C7 /* LessonListView.swift */ = {isa = PBXFileReference; lastKnownFileType = sourcecode.swift; path = LessonListView.swift; sourceTree = "<group>"; };
		FA795E2A26A73499002C99C7 /* LessonView.swift */ = {isa = PBXFileReference; lastKnownFileType = sourcecode.swift; path = LessonView.swift; sourceTree = "<group>"; };
/* End PBXFileReference section */

/* Begin PBXFrameworksBuildPhase section */
		FA39644726A70F92003D2E46 /* Frameworks */ = {
			isa = PBXFrameworksBuildPhase;
			buildActionMask = 2147483647;
			files = (
				80632569244CAF263BCF1A2D /* Pods_BeTeacher.framework in Frameworks */,
			);
			runOnlyForDeploymentPostprocessing = 0;
		};
/* End PBXFrameworksBuildPhase section */

/* Begin PBXGroup section */
		4F5ACF8D38B5914487FA702B /* Frameworks */ = {
			isa = PBXGroup;
			children = (
				7AC21DA15FDCEE3D422189E5 /* Pods_BeTeacher.framework */,
			);
			name = Frameworks;
			sourceTree = "<group>";
		};
		8033CC8ED40D4659DCDFCBC9 /* Pods */ = {
			isa = PBXGroup;
			children = (
				EF68BFCB7AB9F26D7703278F /* Pods-BeTeacher.debug.xcconfig */,
				2FC75EAE903AD7B81AC4227F /* Pods-BeTeacher.release.xcconfig */,
			);
			path = Pods;
			sourceTree = "<group>";
		};
		FA39644126A70F91003D2E46 = {
			isa = PBXGroup;
			children = (
				FA39644C26A70F92003D2E46 /* BeTeacher */,
				FA39644B26A70F92003D2E46 /* Products */,
				8033CC8ED40D4659DCDFCBC9 /* Pods */,
				4F5ACF8D38B5914487FA702B /* Frameworks */,
			);
			sourceTree = "<group>";
		};
		FA39644B26A70F92003D2E46 /* Products */ = {
			isa = PBXGroup;
			children = (
				FA39644A26A70F92003D2E46 /* BeTeacher.app */,
			);
			name = Products;
			sourceTree = "<group>";
		};
		FA39644C26A70F92003D2E46 /* BeTeacher */ = {
			isa = PBXGroup;
			children = (
				FA39644D26A70F92003D2E46 /* BeTeacherApp.swift */,
				FA39645126A70F93003D2E46 /* Assets.xcassets */,
				FA795E1E26A733BF002C99C7 /* Views */,
				FA795E0026A7166A002C99C7 /* GoogleService-Info.plist */,
				FA795E1F26A733C2002C99C7 /* Repository */,
				FA795E1D26A733B9002C99C7 /* ViewModels */,
				FA39645626A70F93003D2E46 /* Info.plist */,
				FA795E1B26A733A1002C99C7 /* Models */,
				FA39645326A70F93003D2E46 /* Preview Content */,
			);
			path = BeTeacher;
			sourceTree = "<group>";
		};
		FA39645326A70F93003D2E46 /* Preview Content */ = {
			isa = PBXGroup;
			children = (
				FA39645426A70F93003D2E46 /* Preview Assets.xcassets */,
			);
			path = "Preview Content";
			sourceTree = "<group>";
		};
		FA795E1B26A733A1002C99C7 /* Models */ = {
			isa = PBXGroup;
			children = (
				FA795E2026A7341C002C99C7 /* Lesson.swift */,
			);
			path = Models;
			sourceTree = "<group>";
		};
		FA795E1D26A733B9002C99C7 /* ViewModels */ = {
			isa = PBXGroup;
			children = (
				FA795E2226A73436002C99C7 /* LessonListViewModel.swift */,
				FA795E2426A73450002C99C7 /* LessonViewModel.swift */,
			);
			path = ViewModels;
			sourceTree = "<group>";
		};
		FA795E1E26A733BF002C99C7 /* Views */ = {
			isa = PBXGroup;
			children = (
				FA795E2826A7348D002C99C7 /* LessonListView.swift */,
				FA795E2A26A73499002C99C7 /* LessonView.swift */,
			);
			path = Views;
			sourceTree = "<group>";
		};
		FA795E1F26A733C2002C99C7 /* Repository */ = {
			isa = PBXGroup;
			children = (
				FA795E2626A73465002C99C7 /* LessonRepository.swift */,
			);
			path = Repository;
			sourceTree = "<group>";
		};
/* End PBXGroup section */

/* Begin PBXNativeTarget section */
		FA39644926A70F92003D2E46 /* BeTeacher */ = {
			isa = PBXNativeTarget;
			buildConfigurationList = FA39645926A70F93003D2E46 /* Build configuration list for PBXNativeTarget "BeTeacher" */;
			buildPhases = (
				43B8A4C4A9679831AC8315FF /* [CP] Check Pods Manifest.lock */,
				FA39644626A70F92003D2E46 /* Sources */,
				FA39644726A70F92003D2E46 /* Frameworks */,
				FA39644826A70F92003D2E46 /* Resources */,
				3D53E7E8B0F7F712EE309C88 /* [CP] Embed Pods Frameworks */,
			);
			buildRules = (
			);
			dependencies = (
			);
			name = BeTeacher;
			productName = BeTeacher;
			productReference = FA39644A26A70F92003D2E46 /* BeTeacher.app */;
			productType = "com.apple.product-type.application";
		};
/* End PBXNativeTarget section */

/* Begin PBXProject section */
		FA39644226A70F91003D2E46 /* Project object */ = {
			isa = PBXProject;
			attributes = {
				LastSwiftUpdateCheck = 1250;
				LastUpgradeCheck = 1250;
				TargetAttributes = {
					FA39644926A70F92003D2E46 = {
						CreatedOnToolsVersion = 12.5;
					};
				};
			};
			buildConfigurationList = FA39644526A70F92003D2E46 /* Build configuration list for PBXProject "BeTeacher" */;
			compatibilityVersion = "Xcode 9.3";
			developmentRegion = en;
			hasScannedForEncodings = 0;
			knownRegions = (
				en,
				Base,
			);
			mainGroup = FA39644126A70F91003D2E46;
			productRefGroup = FA39644B26A70F92003D2E46 /* Products */;
			projectDirPath = "";
			projectRoot = "";
			targets = (
				FA39644926A70F92003D2E46 /* BeTeacher */,
			);
		};
/* End PBXProject section */

/* Begin PBXResourcesBuildPhase section */
		FA39644826A70F92003D2E46 /* Resources */ = {
			isa = PBXResourcesBuildPhase;
			buildActionMask = 2147483647;
			files = (
				FA39645526A70F93003D2E46 /* Preview Assets.xcassets in Resources */,
				FA39645226A70F93003D2E46 /* Assets.xcassets in Resources */,
				FA795E0126A7166A002C99C7 /* GoogleService-Info.plist in Resources */,
			);
			runOnlyForDeploymentPostprocessing = 0;
		};
/* End PBXResourcesBuildPhase section */

/* Begin PBXShellScriptBuildPhase section */
		3D53E7E8B0F7F712EE309C88 /* [CP] Embed Pods Frameworks */ = {
			isa = PBXShellScriptBuildPhase;
			buildActionMask = 2147483647;
			files = (
			);
			inputFileListPaths = (
				"${PODS_ROOT}/Target Support Files/Pods-BeTeacher/Pods-BeTeacher-frameworks-${CONFIGURATION}-input-files.xcfilelist",
			);
			name = "[CP] Embed Pods Frameworks";
			outputFileListPaths = (
				"${PODS_ROOT}/Target Support Files/Pods-BeTeacher/Pods-BeTeacher-frameworks-${CONFIGURATION}-output-files.xcfilelist",
			);
			runOnlyForDeploymentPostprocessing = 0;
			shellPath = /bin/sh;
			shellScript = "\"${PODS_ROOT}/Target Support Files/Pods-BeTeacher/Pods-BeTeacher-frameworks.sh\"\n";
			showEnvVarsInLog = 0;
		};
		43B8A4C4A9679831AC8315FF /* [CP] Check Pods Manifest.lock */ = {
			isa = PBXShellScriptBuildPhase;
			buildActionMask = 2147483647;
			files = (
			);
			inputFileListPaths = (
			);
			inputPaths = (
				"${PODS_PODFILE_DIR_PATH}/Podfile.lock",
				"${PODS_ROOT}/Manifest.lock",
			);
			name = "[CP] Check Pods Manifest.lock";
			outputFileListPaths = (
			);
			outputPaths = (
				"$(DERIVED_FILE_DIR)/Pods-BeTeacher-checkManifestLockResult.txt",
			);
			runOnlyForDeploymentPostprocessing = 0;
			shellPath = /bin/sh;
			shellScript = "diff \"${PODS_PODFILE_DIR_PATH}/Podfile.lock\" \"${PODS_ROOT}/Manifest.lock\" > /dev/null\nif [ $? != 0 ] ; then\n    # print error to STDERR\n    echo \"error: The sandbox is not in sync with the Podfile.lock. Run 'pod install' or update your CocoaPods installation.\" >&2\n    exit 1\nfi\n# This output is used by Xcode 'outputs' to avoid re-running this script phase.\necho \"SUCCESS\" > \"${SCRIPT_OUTPUT_FILE_0}\"\n";
			showEnvVarsInLog = 0;
		};
/* End PBXShellScriptBuildPhase section */

/* Begin PBXSourcesBuildPhase section */
		FA39644626A70F92003D2E46 /* Sources */ = {
			isa = PBXSourcesBuildPhase;
			buildActionMask = 2147483647;
			files = (
				FA795E2B26A73499002C99C7 /* LessonView.swift in Sources */,
				FA795E2926A7348D002C99C7 /* LessonListView.swift in Sources */,
				FA795E2326A73436002C99C7 /* LessonListViewModel.swift in Sources */,
				FA795E2126A7341C002C99C7 /* Lesson.swift in Sources */,
				FA795E2526A73450002C99C7 /* LessonViewModel.swift in Sources */,
				FA795E2726A73465002C99C7 /* LessonRepository.swift in Sources */,
				FA39644E26A70F92003D2E46 /* BeTeacherApp.swift in Sources */,
			);
			runOnlyForDeploymentPostprocessing = 0;
		};
/* End PBXSourcesBuildPhase section */

/* Begin XCBuildConfiguration section */
		FA39645726A70F93003D2E46 /* Debug */ = {
			isa = XCBuildConfiguration;
			buildSettings = {
				ALWAYS_SEARCH_USER_PATHS = NO;
				CLANG_ANALYZER_NONNULL = YES;
				CLANG_ANALYZER_NUMBER_OBJECT_CONVERSION = YES_AGGRESSIVE;
				CLANG_CXX_LANGUAGE_STANDARD = "gnu++14";
				CLANG_CXX_LIBRARY = "libc++";
				CLANG_ENABLE_MODULES = YES;
				CLANG_ENABLE_OBJC_ARC = YES;
				CLANG_ENABLE_OBJC_WEAK = YES;
				CLANG_WARN_BLOCK_CAPTURE_AUTORELEASING = YES;
				CLANG_WARN_BOOL_CONVERSION = YES;
				CLANG_WARN_COMMA = YES;
				CLANG_WARN_CONSTANT_CONVERSION = YES;
				CLANG_WARN_DEPRECATED_OBJC_IMPLEMENTATIONS = YES;
				CLANG_WARN_DIRECT_OBJC_ISA_USAGE = YES_ERROR;
				CLANG_WARN_DOCUMENTATION_COMMENTS = YES;
				CLANG_WARN_EMPTY_BODY = YES;
				CLANG_WARN_ENUM_CONVERSION = YES;
				CLANG_WARN_INFINITE_RECURSION = YES;
				CLANG_WARN_INT_CONVERSION = YES;
				CLANG_WARN_NON_LITERAL_NULL_CONVERSION = YES;
				CLANG_WARN_OBJC_IMPLICIT_RETAIN_SELF = YES;
				CLANG_WARN_OBJC_LITERAL_CONVERSION = YES;
				CLANG_WARN_OBJC_ROOT_CLASS = YES_ERROR;
				CLANG_WARN_QUOTED_INCLUDE_IN_FRAMEWORK_HEADER = YES;
				CLANG_WARN_RANGE_LOOP_ANALYSIS = YES;
				CLANG_WARN_STRICT_PROTOTYPES = YES;
				CLANG_WARN_SUSPICIOUS_MOVE = YES;
				CLANG_WARN_UNGUARDED_AVAILABILITY = YES_AGGRESSIVE;
				CLANG_WARN_UNREACHABLE_CODE = YES;
				CLANG_WARN__DUPLICATE_METHOD_MATCH = YES;
				COPY_PHASE_STRIP = NO;
				DEBUG_INFORMATION_FORMAT = dwarf;
				ENABLE_STRICT_OBJC_MSGSEND = YES;
				ENABLE_TESTABILITY = YES;
				GCC_C_LANGUAGE_STANDARD = gnu11;
				GCC_DYNAMIC_NO_PIC = NO;
				GCC_NO_COMMON_BLOCKS = YES;
				GCC_OPTIMIZATION_LEVEL = 0;
				GCC_PREPROCESSOR_DEFINITIONS = (
					"DEBUG=1",
					"$(inherited)",
				);
				GCC_WARN_64_TO_32_BIT_CONVERSION = YES;
				GCC_WARN_ABOUT_RETURN_TYPE = YES_ERROR;
				GCC_WARN_UNDECLARED_SELECTOR = YES;
				GCC_WARN_UNINITIALIZED_AUTOS = YES_AGGRESSIVE;
				GCC_WARN_UNUSED_FUNCTION = YES;
				GCC_WARN_UNUSED_VARIABLE = YES;
				IPHONEOS_DEPLOYMENT_TARGET = 14.5;
				MTL_ENABLE_DEBUG_INFO = INCLUDE_SOURCE;
				MTL_FAST_MATH = YES;
				ONLY_ACTIVE_ARCH = YES;
				SDKROOT = iphoneos;
				SWIFT_ACTIVE_COMPILATION_CONDITIONS = DEBUG;
				SWIFT_OPTIMIZATION_LEVEL = "-Onone";
			};
			name = Debug;
		};
		FA39645826A70F93003D2E46 /* Release */ = {
			isa = XCBuildConfiguration;
			buildSettings = {
				ALWAYS_SEARCH_USER_PATHS = NO;
				CLANG_ANALYZER_NONNULL = YES;
				CLANG_ANALYZER_NUMBER_OBJECT_CONVERSION = YES_AGGRESSIVE;
				CLANG_CXX_LANGUAGE_STANDARD = "gnu++14";
				CLANG_CXX_LIBRARY = "libc++";
				CLANG_ENABLE_MODULES = YES;
				CLANG_ENABLE_OBJC_ARC = YES;
				CLANG_ENABLE_OBJC_WEAK = YES;
				CLANG_WARN_BLOCK_CAPTURE_AUTORELEASING = YES;
				CLANG_WARN_BOOL_CONVERSION = YES;
				CLANG_WARN_COMMA = YES;
				CLANG_WARN_CONSTANT_CONVERSION = YES;
				CLANG_WARN_DEPRECATED_OBJC_IMPLEMENTATIONS = YES;
				CLANG_WARN_DIRECT_OBJC_ISA_USAGE = YES_ERROR;
				CLANG_WARN_DOCUMENTATION_COMMENTS = YES;
				CLANG_WARN_EMPTY_BODY = YES;
				CLANG_WARN_ENUM_CONVERSION = YES;
				CLANG_WARN_INFINITE_RECURSION = YES;
				CLANG_WARN_INT_CONVERSION = YES;
				CLANG_WARN_NON_LITERAL_NULL_CONVERSION = YES;
				CLANG_WARN_OBJC_IMPLICIT_RETAIN_SELF = YES;
				CLANG_WARN_OBJC_LITERAL_CONVERSION = YES;
				CLANG_WARN_OBJC_ROOT_CLASS = YES_ERROR;
				CLANG_WARN_QUOTED_INCLUDE_IN_FRAMEWORK_HEADER = YES;
				CLANG_WARN_RANGE_LOOP_ANALYSIS = YES;
				CLANG_WARN_STRICT_PROTOTYPES = YES;
				CLANG_WARN_SUSPICIOUS_MOVE = YES;
				CLANG_WARN_UNGUARDED_AVAILABILITY = YES_AGGRESSIVE;
				CLANG_WARN_UNREACHABLE_CODE = YES;
				CLANG_WARN__DUPLICATE_METHOD_MATCH = YES;
				COPY_PHASE_STRIP = NO;
				DEBUG_INFORMATION_FORMAT = "dwarf-with-dsym";
				ENABLE_NS_ASSERTIONS = NO;
				ENABLE_STRICT_OBJC_MSGSEND = YES;
				GCC_C_LANGUAGE_STANDARD = gnu11;
				GCC_NO_COMMON_BLOCKS = YES;
				GCC_WARN_64_TO_32_BIT_CONVERSION = YES;
				GCC_WARN_ABOUT_RETURN_TYPE = YES_ERROR;
				GCC_WARN_UNDECLARED_SELECTOR = YES;
				GCC_WARN_UNINITIALIZED_AUTOS = YES_AGGRESSIVE;
				GCC_WARN_UNUSED_FUNCTION = YES;
				GCC_WARN_UNUSED_VARIABLE = YES;
				IPHONEOS_DEPLOYMENT_TARGET = 14.5;
				MTL_ENABLE_DEBUG_INFO = NO;
				MTL_FAST_MATH = YES;
				SDKROOT = iphoneos;
				SWIFT_COMPILATION_MODE = wholemodule;
				SWIFT_OPTIMIZATION_LEVEL = "-O";
				VALIDATE_PRODUCT = YES;
			};
			name = Release;
		};
		FA39645A26A70F93003D2E46 /* Debug */ = {
			isa = XCBuildConfiguration;
			baseConfigurationReference = EF68BFCB7AB9F26D7703278F /* Pods-BeTeacher.debug.xcconfig */;
			buildSettings = {
				ASSETCATALOG_COMPILER_APPICON_NAME = AppIcon;
				ASSETCATALOG_COMPILER_GLOBAL_ACCENT_COLOR_NAME = AccentColor;
				CODE_SIGN_STYLE = Automatic;
				DEVELOPMENT_ASSET_PATHS = "\"BeTeacher/Preview Content\"";
				DEVELOPMENT_TEAM = 3RB9UK2N6B;
				ENABLE_PREVIEWS = YES;
				INFOPLIST_FILE = BeTeacher/Info.plist;
				IPHONEOS_DEPLOYMENT_TARGET = 14.0;
				LD_RUNPATH_SEARCH_PATHS = (
					"$(inherited)",
					"@executable_path/Frameworks",
				);
				PRODUCT_BUNDLE_IDENTIFIER = "com.andrii-shkabrii.BeTeacher";
				PRODUCT_NAME = "$(TARGET_NAME)";
				SWIFT_VERSION = 5.0;
				TARGETED_DEVICE_FAMILY = "1,2";
			};
			name = Debug;
		};
		FA39645B26A70F93003D2E46 /* Release */ = {
			isa = XCBuildConfiguration;
			baseConfigurationReference = 2FC75EAE903AD7B81AC4227F /* Pods-BeTeacher.release.xcconfig */;
			buildSettings = {
				ASSETCATALOG_COMPILER_APPICON_NAME = AppIcon;
				ASSETCATALOG_COMPILER_GLOBAL_ACCENT_COLOR_NAME = AccentColor;
				CODE_SIGN_STYLE = Automatic;
				DEVELOPMENT_ASSET_PATHS = "\"BeTeacher/Preview Content\"";
				DEVELOPMENT_TEAM = 3RB9UK2N6B;
				ENABLE_PREVIEWS = YES;
				INFOPLIST_FILE = BeTeacher/Info.plist;
				IPHONEOS_DEPLOYMENT_TARGET = 14.0;
				LD_RUNPATH_SEARCH_PATHS = (
					"$(inherited)",
					"@executable_path/Frameworks",
				);
				PRODUCT_BUNDLE_IDENTIFIER = "com.andrii-shkabrii.BeTeacher";
				PRODUCT_NAME = "$(TARGET_NAME)";
				SWIFT_VERSION = 5.0;
				TARGETED_DEVICE_FAMILY = "1,2";
			};
			name = Release;
		};
/* End XCBuildConfiguration section */

/* Begin XCConfigurationList section */
		FA39644526A70F92003D2E46 /* Build configuration list for PBXProject "BeTeacher" */ = {
			isa = XCConfigurationList;
			buildConfigurations = (
				FA39645726A70F93003D2E46 /* Debug */,
				FA39645826A70F93003D2E46 /* Release */,
			);
			defaultConfigurationIsVisible = 0;
			defaultConfigurationName = Release;
		};
		FA39645926A70F93003D2E46 /* Build configuration list for PBXNativeTarget "BeTeacher" */ = {
			isa = XCConfigurationList;
			buildConfigurations = (
				FA39645A26A70F93003D2E46 /* Debug */,
				FA39645B26A70F93003D2E46 /* Release */,
			);
			defaultConfigurationIsVisible = 0;
			defaultConfigurationName = Release;
		};
/* End XCConfigurationList section */
	};
	rootObject = FA39644226A70F91003D2E46 /* Project object */;
}
